{
  "name": "prassi-react-loading-button",
  "version": "1.0.4",
  "lockfileVersion": 1,
  "requires": true,
  "dependencies": {
    "array-union": {
      "version": "1.0.2",
      "resolved": "https://artifactory.lbidts.com/artifactory/api/npm/fewd-npm-v/array-union/-/array-union-1.0.2.tgz",
      "integrity": "sha1-mjRBDk9OPaI96jdb5b5w8kd47Dk=",
      "requires": {
        "array-uniq": "^1.0.1"
      }
    },
    "array-uniq": {
      "version": "1.0.3",
      "resolved": "https://artifactory.lbidts.com/artifactory/api/npm/fewd-npm-v/array-uniq/-/array-uniq-1.0.3.tgz",
      "integrity": "sha1-r2rId6Jcx/dOBYiUdThY39sk/bY="
    },
    "async": {
      "version": "2.6.1",
      "resolved": "https://artifactory.lbidts.com/artifactory/api/npm/fewd-npm-v/async/-/async-2.6.1.tgz",
      "integrity": "sha1-skWiPKcZMAROxT+kaqAKPofGphA=",
      "requires": {
        "lodash": "^4.17.10"
      }
    },
    "balanced-match": {
      "version": "1.0.0",
      "resolved": "https://artifactory.lbidts.com/artifactory/api/npm/fewd-npm-v/balanced-match/-/balanced-match-1.0.0.tgz",
      "integrity": "sha1-ibTRmasr7kneFk6gK4nORi1xt2c="
    },
    "brace-expansion": {
      "version": "1.1.11",
      "resolved": "https://artifactory.lbidts.com/artifactory/api/npm/fewd-npm-v/brace-expansion/-/brace-expansion-1.1.11.tgz",
      "integrity": "sha1-PH/L9SnYcibz0vUrlm/1Jx60Qd0=",
      "requires": {
        "balanced-match": "^1.0.0",
        "concat-map": "0.0.1"
      }
    },
    "commander": {
      "version": "2.19.0",
      "resolved": "https://artifactory.lbidts.com/artifactory/api/npm/fewd-npm-v/commander/-/commander-2.19.0.tgz",
      "integrity": "sha1-9hmKqE5bg8RgVLlN3tv+1e6f8So="
    },
    "concat-map": {
      "version": "0.0.1",
      "resolved": "https://artifactory.lbidts.com/artifactory/api/npm/fewd-npm-v/concat-map/-/concat-map-0.0.1.tgz",
      "integrity": "sha1-2Klr13/Wjfd5OnMDajug1UBdR3s="
    },
    "email-addresses": {
      "version": "3.0.2",
      "resolved": "https://artifactory.lbidts.com/artifactory/api/npm/fewd-npm-v/email-addresses/-/email-addresses-3.0.2.tgz",
      "integrity": "sha1-oxKA0ZuvhmaYQKCqRb4df2598xU="
    },
    "escape-string-regexp": {
      "version": "1.0.5",
      "resolved": "https://artifactory.lbidts.com/artifactory/api/npm/fewd-npm-v/escape-string-regexp/-/escape-string-regexp-1.0.5.tgz",
      "integrity": "sha1-G2HAViGQqN/2rjuyzwIAyhMLhtQ="
    },
    "filename-reserved-regex": {
      "version": "1.0.0",
      "resolved": "https://artifactory.lbidts.com/artifactory/api/npm/fewd-npm-v/filename-reserved-regex/-/filename-reserved-regex-1.0.0.tgz",
      "integrity": "sha1-5hz4BfDeHJhFZ9A4bcXfUO5a9+Q="
    },
    "filenamify": {
      "version": "1.2.1",
      "resolved": "https://artifactory.lbidts.com/artifactory/api/npm/fewd-npm-v/filenamify/-/filenamify-1.2.1.tgz",
      "integrity": "sha1-qfL/0RxQO+0wABUCknI3jx8TZaU=",
      "requires": {
        "filename-reserved-regex": "^1.0.0",
        "strip-outer": "^1.0.0",
        "trim-repeated": "^1.0.0"
      }
    },
    "filenamify-url": {
      "version": "1.0.0",
      "resolved": "https://artifactory.lbidts.com/artifactory/api/npm/fewd-npm-v/filenamify-url/-/filenamify-url-1.0.0.tgz",
      "integrity": "sha1-syvYExnvWGO3MHi+1Q9GpPeXX1A=",
      "requires": {
        "filenamify": "^1.0.0",
        "humanize-url": "^1.0.0"
      }
    },
    "fs-extra": {
      "version": "7.0.0",
      "resolved": "https://artifactory.lbidts.com/artifactory/api/npm/fewd-npm-v/fs-extra/-/fs-extra-7.0.0.tgz",
      "integrity": "sha1-jMP0fOB+97NZOhG5+yRffjTAQdY=",
      "requires": {
        "graceful-fs": "^4.1.2",
        "jsonfile": "^4.0.0",
        "universalify": "^0.1.0"
      }
    },
    "fs.realpath": {
      "version": "1.0.0",
      "resolved": "https://artifactory.lbidts.com/artifactory/api/npm/fewd-npm-v/fs.realpath/-/fs.realpath-1.0.0.tgz",
      "integrity": "sha1-FQStJSMVjKpA20onh8sBQRmU6k8="
    },
    "gh-pages": {
      "version": "2.0.1",
      "resolved": "https://artifactory.lbidts.com/artifactory/api/npm/fewd-npm-v/gh-pages/-/gh-pages-2.0.1.tgz",
      "integrity": "sha1-rv5HpDuNnSqjEwV2sz/pVkHimi8=",
      "requires": {
        "async": "^2.6.1",
        "commander": "^2.18.0",
        "email-addresses": "^3.0.1",
        "filenamify-url": "^1.0.0",
        "fs-extra": "^7.0.0",
        "globby": "^6.1.0",
        "graceful-fs": "^4.1.11",
        "rimraf": "^2.6.2"
      }
    },
    "glob": {
      "version": "7.1.3",
      "resolved": "https://artifactory.lbidts.com/artifactory/api/npm/fewd-npm-v/glob/-/glob-7.1.3.tgz",
      "integrity": "sha1-OWCDLT8VdBCDQtr9OmezMsCWnfE=",
      "requires": {
        "fs.realpath": "^1.0.0",
        "inflight": "^1.0.4",
        "inherits": "2",
        "minimatch": "^3.0.4",
        "once": "^1.3.0",
        "path-is-absolute": "^1.0.0"
      }
    },
    "globby": {
      "version": "6.1.0",
      "resolved": "https://artifactory.lbidts.com/artifactory/api/npm/fewd-npm-v/globby/-/globby-6.1.0.tgz",
      "integrity": "sha1-9abXDoOV4hyFj7BInWTfAkJNUGw=",
      "requires": {
        "array-union": "^1.0.1",
        "glob": "^7.0.3",
        "object-assign": "^4.0.1",
        "pify": "^2.0.0",
        "pinkie-promise": "^2.0.0"
      }
    },
    "graceful-fs": {
      "version": "4.1.11",
      "resolved": "https://artifactory.lbidts.com/artifactory/api/npm/fewd-npm-v/graceful-fs/-/graceful-fs-4.1.11.tgz",
      "integrity": "sha1-Dovf5NHduIVNZOBOp8AOKgJuVlg="
    },
    "humanize-url": {
      "version": "1.0.1",
      "resolved": "https://artifactory.lbidts.com/artifactory/api/npm/fewd-npm-v/humanize-url/-/humanize-url-1.0.1.tgz",
      "integrity": "sha1-9KuZ4NKIF0yk4eUEB8VfuuRk7/8=",
      "requires": {
        "normalize-url": "^1.0.0",
        "strip-url-auth": "^1.0.0"
      }
    },
    "inflight": {
      "version": "1.0.6",
      "resolved": "https://artifactory.lbidts.com/artifactory/api/npm/fewd-npm-v/inflight/-/inflight-1.0.6.tgz",
      "integrity": "sha1-Sb1jMdfQLQwJvJEKEHW6gWW1bfk=",
      "requires": {
        "once": "^1.3.0",
        "wrappy": "1"
      }
    },
    "inherits": {
      "version": "2.0.3",
      "resolved": "https://artifactory.lbidts.com/artifactory/api/npm/fewd-npm-v/inherits/-/inherits-2.0.3.tgz",
      "integrity": "sha1-Yzwsg+PaQqUC9SRmAiSA9CCCYd4="
    },
    "is-plain-obj": {
      "version": "1.1.0",
      "resolved": "https://artifactory.lbidts.com/artifactory/api/npm/fewd-npm-v/is-plain-obj/-/is-plain-obj-1.1.0.tgz",
      "integrity": "sha1-caUMhCnfync8kqOQpKA7OfzVHT4="
    },
    "js-tokens": {
      "version": "4.0.0",
      "resolved": "https://registry.npmjs.org/js-tokens/-/js-tokens-4.0.0.tgz",
      "integrity": "sha512-RdJUflcE3cUzKiMqQgsCu06FPu9UdIJO0beYbPhHN4k6apgJtifcoCtT9bcxOpYBtpD2kCM6Sbzg4CausW/PKQ==",
      "dev": true
    },
    "jsonfile": {
      "version": "4.0.0",
      "resolved": "https://artifactory.lbidts.com/artifactory/api/npm/fewd-npm-v/jsonfile/-/jsonfile-4.0.0.tgz",
      "integrity": "sha1-h3Gq4HmbZAdrdmQPygWPnBDjPss=",
      "requires": {
        "graceful-fs": "^4.1.6"
      }
    },
    "lodash": {
      "version": "4.17.11",
      "resolved": "https://artifactory.lbidts.com/artifactory/api/npm/fewd-npm-v/lodash/-/lodash-4.17.11.tgz",
      "integrity": "sha1-s56mIp72B+zYniyN8SU2iRysm40="
    },
    "loose-envify": {
      "version": "1.4.0",
      "resolved": "https://registry.npmjs.org/loose-envify/-/loose-envify-1.4.0.tgz",
      "integrity": "sha512-lyuxPGr/Wfhrlem2CL/UcnUc1zcqKAImBDzukY7Y5F/yQiNdko6+fRLevlw1HgMySw7f611UIY408EtxRSoK3Q==",
      "dev": true,
      "requires": {
        "js-tokens": "^3.0.0 || ^4.0.0"
      }
    },
    "minimatch": {
      "version": "3.0.4",
      "resolved": "https://artifactory.lbidts.com/artifactory/api/npm/fewd-npm-v/minimatch/-/minimatch-3.0.4.tgz",
      "integrity": "sha1-UWbihkV/AzBgZL5Ul+jbsMPTIIM=",
      "requires": {
        "brace-expansion": "^1.1.7"
      }
    },
    "normalize-url": {
      "version": "1.9.1",
      "resolved": "https://artifactory.lbidts.com/artifactory/api/npm/fewd-npm-v/normalize-url/-/normalize-url-1.9.1.tgz",
      "integrity": "sha1-LMDWazHqIwNkWENuNiDYWVTGbDw=",
      "requires": {
        "object-assign": "^4.0.1",
        "prepend-http": "^1.0.0",
        "query-string": "^4.1.0",
        "sort-keys": "^1.0.0"
      }
    },
    "object-assign": {
      "version": "4.1.1",
      "resolved": "https://registry.npmjs.org/object-assign/-/object-assign-4.1.1.tgz",
      "integrity": "sha1-IQmtx5ZYh8/AXLvUQsrIv7s2CGM="
    },
    "once": {
      "version": "1.4.0",
      "resolved": "https://artifactory.lbidts.com/artifactory/api/npm/fewd-npm-v/once/-/once-1.4.0.tgz",
      "integrity": "sha1-WDsap3WWHUsROsF9nFC6753Xa9E=",
      "requires": {
        "wrappy": "1"
      }
    },
    "path-is-absolute": {
      "version": "1.0.1",
      "resolved": "https://artifactory.lbidts.com/artifactory/api/npm/fewd-npm-v/path-is-absolute/-/path-is-absolute-1.0.1.tgz",
      "integrity": "sha1-F0uSaHNVNP+8es5r9TpanhtcX18="
    },
    "pify": {
      "version": "2.3.0",
      "resolved": "https://artifactory.lbidts.com/artifactory/api/npm/fewd-npm-v/pify/-/pify-2.3.0.tgz",
      "integrity": "sha1-7RQaasBDqEnqWISY59yosVMw6Qw="
    },
    "pinkie": {
      "version": "2.0.4",
      "resolved": "https://artifactory.lbidts.com/artifactory/api/npm/fewd-npm-v/pinkie/-/pinkie-2.0.4.tgz",
      "integrity": "sha1-clVrgM+g1IqXToDnckjoDtT3+HA="
    },
    "pinkie-promise": {
      "version": "2.0.1",
      "resolved": "https://artifactory.lbidts.com/artifactory/api/npm/fewd-npm-v/pinkie-promise/-/pinkie-promise-2.0.1.tgz",
      "integrity": "sha1-ITXW36ejWMBprJsXh3YogihFD/o=",
      "requires": {
        "pinkie": "^2.0.0"
      }
    },
    "prepend-http": {
      "version": "1.0.4",
      "resolved": "https://artifactory.lbidts.com/artifactory/api/npm/fewd-npm-v/prepend-http/-/prepend-http-1.0.4.tgz",
      "integrity": "sha1-1PRWKwzjaW5BrFLQ4ALlemNdxtw="
    },
    "prop-types": {
      "version": "15.6.2",
      "resolved": "https://registry.npmjs.org/prop-types/-/prop-types-15.6.2.tgz",
      "integrity": "sha512-3pboPvLiWD7dkI3qf3KbUe6hKFKa52w+AE0VCqECtf+QHAKgOL37tTaNCnuX1nAAQ4ZhyP+kYVKf8rLmJ/feDQ==",
      "dev": true,
      "requires": {
        "loose-envify": "^1.3.1",
        "object-assign": "^4.1.1"
      }
    },
    "query-string": {
      "version": "4.3.4",
      "resolved": "https://artifactory.lbidts.com/artifactory/api/npm/fewd-npm-v/query-string/-/query-string-4.3.4.tgz",
      "integrity": "sha1-u7aTucqRXCMlFbIosaArYJBD2+s=",
      "requires": {
        "object-assign": "^4.1.0",
        "strict-uri-encode": "^1.0.0"
      }
    },
    "react": {
      "version": "16.6.0",
      "resolved": "https://registry.npmjs.org/react/-/react-16.6.0.tgz",
      "integrity": "sha512-zJPnx/jKtuOEXCbQ9BKaxDMxR0001/hzxXwYxG8septeyYGfsgAei6NgfbVgOhbY1WOP2o3VPs/E9HaN+9hV3Q==",
      "dev": true,
      "requires": {
        "loose-envify": "^1.1.0",
        "object-assign": "^4.1.1",
        "prop-types": "^15.6.2",
        "scheduler": "^0.10.0"
      }
    },
    "react-dom": {
      "version": "16.6.0",
      "resolved": "https://registry.npmjs.org/react-dom/-/react-dom-16.6.0.tgz",
      "integrity": "sha512-Stm2D9dXEUUAQdvpvhvFj/DEXwC2PAL/RwEMhoN4dvvD2ikTlJegEXf97xryg88VIAU22ZAP7n842l+9BTz6+w==",
      "dev": true,
      "requires": {
        "loose-envify": "^1.1.0",
        "object-assign": "^4.1.1",
        "prop-types": "^15.6.2",
        "scheduler": "^0.10.0"
      }
    },
    "rimraf": {
      "version": "2.6.2",
      "resolved": "https://artifactory.lbidts.com/artifactory/api/npm/fewd-npm-v/rimraf/-/rimraf-2.6.2.tgz",
      "integrity": "sha1-LtgVDSShbqhlHm1u8PR8QVjOejY=",
      "requires": {
        "glob": "^7.0.5"
      }
    },
    "scheduler": {
      "version": "0.10.0",
      "resolved": "https://registry.npmjs.org/scheduler/-/scheduler-0.10.0.tgz",
      "integrity": "sha512-+TSTVTCBAA3h8Anei3haDc1IRwMeDmtI/y/o3iBe3Mjl2vwYF9DtPDt929HyRmV/e7au7CLu8sc4C4W0VOs29w==",
      "dev": true,
      "requires": {
        "loose-envify": "^1.1.0",
        "object-assign": "^4.1.1"
      }
    },
    "sort-keys": {
      "version": "1.1.2",
      "resolved": "https://artifactory.lbidts.com/artifactory/api/npm/fewd-npm-v/sort-keys/-/sort-keys-1.1.2.tgz",
      "integrity": "sha1-RBttTTRnmPG05J6JIK37oOVD+a0=",
      "requires": {
        "is-plain-obj": "^1.0.0"
      }
    },
    "strict-uri-encode": {
      "version": "1.1.0",
      "resolved": "https://artifactory.lbidts.com/artifactory/api/npm/fewd-npm-v/strict-uri-encode/-/strict-uri-encode-1.1.0.tgz",
      "integrity": "sha1-J5siXfHVgrH1TmWt3UNS4Y+qBxM="
    },
    "strip-outer": {
      "version": "1.0.1",
      "resolved": "https://artifactory.lbidts.com/artifactory/api/npm/fewd-npm-v/strip-outer/-/strip-outer-1.0.1.tgz",
      "integrity": "sha1-sv0qv2YEudHmATBXGV34Nrip1jE=",
      "requires": {
        "escape-string-regexp": "^1.0.2"
      }
    },
    "strip-url-auth": {
      "version": "1.0.1",
      "resolved": "https://artifactory.lbidts.com/artifactory/api/npm/fewd-npm-v/strip-url-auth/-/strip-url-auth-1.0.1.tgz",
      "integrity": "sha1-IrD6OkE4WzO+PzMVUbu4N/oM164="
    },
    "trim-repeated": {
      "version": "1.0.0",
      "resolved": "https://artifactory.lbidts.com/artifactory/api/npm/fewd-npm-v/trim-repeated/-/trim-repeated-1.0.0.tgz",
      "integrity": "sha1-42RqLqTokTEr9+rObPsFOAvAHCE=",
      "requires": {
        "escape-string-regexp": "^1.0.2"
      }
    },
    "universalify": {
      "version": "0.1.2",
      "resolved": "https://artifactory.lbidts.com/artifactory/api/npm/fewd-npm-v/universalify/-/universalify-0.1.2.tgz",
      "integrity": "sha1-tkb2m+OULavOzJ1mOcgNwQXvqmY="
    },
    "wrappy": {
      "version": "1.0.2",
      "resolved": "https://artifactory.lbidts.com/artifactory/api/npm/fewd-npm-v/wrappy/-/wrappy-1.0.2.tgz",
      "integrity": "sha1-tSQ9jz7BqjXxNkYFvA0QNuMKtp8="
    }
  }
}
